
Microsoft Visual Studio Solution File, Format Version 12.00
# Visual Studio Version 16
VisualStudioVersion = 16.0.32002.222
MinimumVisualStudioVersion = 10.0.40219.1
Project("{FAE04EC0-301F-11D3-BF4B-00C04F79EFBC}") = "funciton", "funciton\funciton.csproj", "{2B29225F-AE4B-47A3-88F8-7190733A10AD}"
EndProject
Global
	GlobalSection(SolutionConfigurationPlatforms) = preSolution
		Debug|Any CPU = Debug|Any CPU
		Release|Any CPU = Release|Any CPU
	EndGlobalSection
	GlobalSection(ProjectConfigurationPlatforms) = postSolution
		{2B29225F-AE4B-47A3-88F8-7190733A10AD}.Debug|Any CPU.ActiveCfg = Debug|Any CPU
		{2B29225F-AE4B-47A3-88F8-7190733A10AD}.Debug|Any CPU.Build.0 = Debug|Any CPU
		{2B29225F-AE4B-47A3-88F8-7190733A10AD}.Release|Any CPU.ActiveCfg = Release|Any CPU
		{2B29225F-AE4B-47A3-88F8-7190733A10AD}.Release|Any CPU.Build.0 = Release|Any CPU
	EndGlobalSection
	GlobalSection(SolutionProperties) = preSolution
		HideSolutionNode = FALSE
	EndGlobalSection
	GlobalSection(ExtensibilityGlobals) = postSolution
		SolutionGuid = {7D869168-81A3-412B-AC15-1078255D2F30}
	EndGlobalSection
EndGlobal
